
Microsoft Visual Studio Solution File, Format Version 12.00
# Visual Studio Version 17
VisualStudioVersion = 17.14.36811.4
MinimumVisualStudioVersion = 10.0.40219.1
Project("{FAE04EC0-301F-11D3-BF4B-00C04F79EFBC}") = "Akilli_Cihaz_Izleme_Sistemi_Client", "Akilli_Cihaz_Izleme_Sistemi_Client\Akilli_Cihaz_Izleme_Sistemi_Client.csproj", "{19454A9F-5936-0B01-7AEB-CA0F3F61B4CC}"
EndProject
Project("{FAE04EC0-301F-11D3-BF4B-00C04F79EFBC}") = "Akilli_Cihaz_Izleme_Sistemi_Server", "Akilli_Cihaz_Izleme_Sistemi_Server\Akilli_Cihaz_Izleme_Sistemi_Server.csproj", "{3CEB8B01-FE73-4263-14A4-EF465A05083D}"
EndProject
Global
	GlobalSection(SolutionConfigurationPlatforms) = preSolution
		Debug|Any CPU = Debug|Any CPU
		Release|Any CPU = Release|Any CPU
	EndGlobalSection
	GlobalSection(ProjectConfigurationPlatforms) = postSolution
		{19454A9F-5936-0B01-7AEB-CA0F3F61B4CC}.Debug|Any CPU.ActiveCfg = Debug|Any CPU
		{19454A9F-5936-0B01-7AEB-CA0F3F61B4CC}.Debug|Any CPU.Build.0 = Debug|Any CPU
		{19454A9F-5936-0B01-7AEB-CA0F3F61B4CC}.Release|Any CPU.ActiveCfg = Release|Any CPU
		{19454A9F-5936-0B01-7AEB-CA0F3F61B4CC}.Release|Any CPU.Build.0 = Release|Any CPU
		{3CEB8B01-FE73-4263-14A4-EF465A05083D}.Debug|Any CPU.ActiveCfg = Debug|Any CPU
		{3CEB8B01-FE73-4263-14A4-EF465A05083D}.Debug|Any CPU.Build.0 = Debug|Any CPU
		{3CEB8B01-FE73-4263-14A4-EF465A05083D}.Release|Any CPU.ActiveCfg = Release|Any CPU
		{3CEB8B01-FE73-4263-14A4-EF465A05083D}.Release|Any CPU.Build.0 = Release|Any CPU
	EndGlobalSection
	GlobalSection(SolutionProperties) = preSolution
		HideSolutionNode = FALSE
	EndGlobalSection
	GlobalSection(ExtensibilityGlobals) = postSolution
		SolutionGuid = {63D26D08-9A1C-4F32-A95C-C22C11DE41E0}
	EndGlobalSection
EndGlobal
