
Microsoft Visual Studio Solution File, Format Version 12.00
# Visual Studio Version 17
VisualStudioVersion = 17.14.36811.4 d17.14
MinimumVisualStudioVersion = 10.0.40219.1
Project("{FAE04EC0-301F-11D3-BF4B-00C04F79EFBC}") = "Akilli_Cihaz_Izleme_Sistemi_Client", "Akilli_Cihaz_Izleme_Sistemi_Client.csproj", "{BE5DBD59-E318-42F1-8CB5-13A75C526CDF}"
EndProject
Global
	GlobalSection(SolutionConfigurationPlatforms) = preSolution
		Debug|Any CPU = Debug|Any CPU
		Release|Any CPU = Release|Any CPU
	EndGlobalSection
	GlobalSection(ProjectConfigurationPlatforms) = postSolution
		{BE5DBD59-E318-42F1-8CB5-13A75C526CDF}.Debug|Any CPU.ActiveCfg = Debug|Any CPU
		{BE5DBD59-E318-42F1-8CB5-13A75C526CDF}.Debug|Any CPU.Build.0 = Debug|Any CPU
		{BE5DBD59-E318-42F1-8CB5-13A75C526CDF}.Release|Any CPU.ActiveCfg = Release|Any CPU
		{BE5DBD59-E318-42F1-8CB5-13A75C526CDF}.Release|Any CPU.Build.0 = Release|Any CPU
	EndGlobalSection
	GlobalSection(SolutionProperties) = preSolution
		HideSolutionNode = FALSE
	EndGlobalSection
	GlobalSection(ExtensibilityGlobals) = postSolution
		SolutionGuid = {6E583C30-C12F-4AE7-BB60-FB24EFDC7C85}
	EndGlobalSection
EndGlobal
